
Microsoft Visual Studio Solution File, Format Version 12.00
# Visual Studio 14
VisualStudioVersion = 14.0.25420.1
MinimumVisualStudioVersion = 10.0.40219.1
Project("{FAE04EC0-301F-11D3-BF4B-00C04F79EFBC}") = "Aheui++", "Aheui++\Aheui++.csproj", "{6F90DA85-7EFE-481E-AB22-0DBF50A94907}"
EndProject
Project("{FAE04EC0-301F-11D3-BF4B-00C04F79EFBC}") = "Aheui++Tests", "Aheui++Tests\Aheui++Tests.csproj", "{BAF244A6-C96F-487D-B98C-A5D75FE72D3F}"
EndProject
Project("{FAE04EC0-301F-11D3-BF4B-00C04F79EFBC}") = "Ageui++", "Ageui++\Ageui++.csproj", "{02A2081A-D096-4D7D-896F-DCB1011932E2}"
EndProject
Global
	GlobalSection(SolutionConfigurationPlatforms) = preSolution
		Debug|Any CPU = Debug|Any CPU
		Release|Any CPU = Release|Any CPU
	EndGlobalSection
	GlobalSection(ProjectConfigurationPlatforms) = postSolution
		{6F90DA85-7EFE-481E-AB22-0DBF50A94907}.Debug|Any CPU.ActiveCfg = Debug|Any CPU
		{6F90DA85-7EFE-481E-AB22-0DBF50A94907}.Debug|Any CPU.Build.0 = Debug|Any CPU
		{6F90DA85-7EFE-481E-AB22-0DBF50A94907}.Release|Any CPU.ActiveCfg = Release|Any CPU
		{6F90DA85-7EFE-481E-AB22-0DBF50A94907}.Release|Any CPU.Build.0 = Release|Any CPU
		{BAF244A6-C96F-487D-B98C-A5D75FE72D3F}.Debug|Any CPU.ActiveCfg = Debug|Any CPU
		{BAF244A6-C96F-487D-B98C-A5D75FE72D3F}.Debug|Any CPU.Build.0 = Debug|Any CPU
		{BAF244A6-C96F-487D-B98C-A5D75FE72D3F}.Release|Any CPU.ActiveCfg = Release|Any CPU
		{BAF244A6-C96F-487D-B98C-A5D75FE72D3F}.Release|Any CPU.Build.0 = Release|Any CPU
		{02A2081A-D096-4D7D-896F-DCB1011932E2}.Debug|Any CPU.ActiveCfg = Debug|Any CPU
		{02A2081A-D096-4D7D-896F-DCB1011932E2}.Debug|Any CPU.Build.0 = Debug|Any CPU
		{02A2081A-D096-4D7D-896F-DCB1011932E2}.Release|Any CPU.ActiveCfg = Release|Any CPU
		{02A2081A-D096-4D7D-896F-DCB1011932E2}.Release|Any CPU.Build.0 = Release|Any CPU
	EndGlobalSection
	GlobalSection(SolutionProperties) = preSolution
		HideSolutionNode = FALSE
	EndGlobalSection
EndGlobal
